
Microsoft Visual Studio Solution File, Format Version 12.00
Project("{FAE04EC0-301F-11D3-BF4B-00C04F79EFBC}") = "DeliveryApi", "DeliveryApi\DeliveryApi.csproj", "{52C26CA5-1CB8-4780-81A0-BBF994B2F122}"
EndProject
Project("{FAE04EC0-301F-11D3-BF4B-00C04F79EFBC}") = "DeliveryApi.BL", "DeliveryApi.BL\DeliveryApi.BL.csproj", "{8A01D324-D6E8-4817-9B87-AB961C5062D4}"
EndProject
Project("{FAE04EC0-301F-11D3-BF4B-00C04F79EFBC}") = "DeliveryApi.Common", "DeliveryApi.Common\DeliveryApi.Common.csproj", "{E603B8B6-C83E-4F59-A90E-C2A106C1C2F9}"
EndProject
Project("{FAE04EC0-301F-11D3-BF4B-00C04F79EFBC}") = "DeliveryApi.DAL", "DeliveryApi.DAL\DeliveryApi.DAL.csproj", "{CFB168BA-854B-4C7F-91DB-29AEEFEEE4BA}"
EndProject
Project("{2150E333-8FDC-42A3-9474-1A3956D46DE8}") = "Backend", "Backend", "{B8C69089-7C62-4B06-9254-F7201A6A6E1B}"
EndProject
Project("{2150E333-8FDC-42A3-9474-1A3956D46DE8}") = "Auth", "Auth", "{5DD5F6B1-7D1A-4454-9247-984680538066}"
EndProject
Project("{FAE04EC0-301F-11D3-BF4B-00C04F79EFBC}") = "AuthApi", "AuthApi\AuthApi.csproj", "{43D62CD8-92DD-40FB-8C8D-C830313BA980}"
EndProject
Project("{FAE04EC0-301F-11D3-BF4B-00C04F79EFBC}") = "AuthApi.BL", "AuthApi.BL\AuthApi.BL.csproj", "{6C8F4BDC-2F97-495F-8EFC-D88AE16CA780}"
EndProject
Project("{FAE04EC0-301F-11D3-BF4B-00C04F79EFBC}") = "AuthApi.Common", "AuthApi.Common\AuthApi.Common.csproj", "{AABDE948-720C-4848-AA35-004DCA378D33}"
EndProject
Project("{FAE04EC0-301F-11D3-BF4B-00C04F79EFBC}") = "AuthApi.DAL", "AuthApi.DAL\AuthApi.DAL.csproj", "{15DB2674-364C-46BE-9BC3-693BC4EC7A84}"
EndProject
Project("{FAE04EC0-301F-11D3-BF4B-00C04F79EFBC}") = "Common", "Common\Common.csproj", "{24642ACC-0971-4822-B7F8-EC1B297547DE}"
EndProject
Project("{2150E333-8FDC-42A3-9474-1A3956D46DE8}") = "AdminPanel", "AdminPanel", "{12AF804C-BE65-448F-A0B3-5C00C069E274}"
EndProject
Project("{FAE04EC0-301F-11D3-BF4B-00C04F79EFBC}") = "AdminPanel", "AdminPanel\AdminPanel.csproj", "{DCEF8DFE-2E51-4A95-B150-6F281764ABFD}"
EndProject
Global
	GlobalSection(SolutionConfigurationPlatforms) = preSolution
		Debug|Any CPU = Debug|Any CPU
		Release|Any CPU = Release|Any CPU
	EndGlobalSection
	GlobalSection(ProjectConfigurationPlatforms) = postSolution
		{52C26CA5-1CB8-4780-81A0-BBF994B2F122}.Debug|Any CPU.ActiveCfg = Debug|Any CPU
		{52C26CA5-1CB8-4780-81A0-BBF994B2F122}.Debug|Any CPU.Build.0 = Debug|Any CPU
		{52C26CA5-1CB8-4780-81A0-BBF994B2F122}.Release|Any CPU.ActiveCfg = Release|Any CPU
		{52C26CA5-1CB8-4780-81A0-BBF994B2F122}.Release|Any CPU.Build.0 = Release|Any CPU
		{8A01D324-D6E8-4817-9B87-AB961C5062D4}.Debug|Any CPU.ActiveCfg = Debug|Any CPU
		{8A01D324-D6E8-4817-9B87-AB961C5062D4}.Debug|Any CPU.Build.0 = Debug|Any CPU
		{8A01D324-D6E8-4817-9B87-AB961C5062D4}.Release|Any CPU.ActiveCfg = Release|Any CPU
		{8A01D324-D6E8-4817-9B87-AB961C5062D4}.Release|Any CPU.Build.0 = Release|Any CPU
		{E603B8B6-C83E-4F59-A90E-C2A106C1C2F9}.Debug|Any CPU.ActiveCfg = Debug|Any CPU
		{E603B8B6-C83E-4F59-A90E-C2A106C1C2F9}.Debug|Any CPU.Build.0 = Debug|Any CPU
		{E603B8B6-C83E-4F59-A90E-C2A106C1C2F9}.Release|Any CPU.ActiveCfg = Release|Any CPU
		{E603B8B6-C83E-4F59-A90E-C2A106C1C2F9}.Release|Any CPU.Build.0 = Release|Any CPU
		{CFB168BA-854B-4C7F-91DB-29AEEFEEE4BA}.Debug|Any CPU.ActiveCfg = Debug|Any CPU
		{CFB168BA-854B-4C7F-91DB-29AEEFEEE4BA}.Debug|Any CPU.Build.0 = Debug|Any CPU
		{CFB168BA-854B-4C7F-91DB-29AEEFEEE4BA}.Release|Any CPU.ActiveCfg = Release|Any CPU
		{CFB168BA-854B-4C7F-91DB-29AEEFEEE4BA}.Release|Any CPU.Build.0 = Release|Any CPU
		{43D62CD8-92DD-40FB-8C8D-C830313BA980}.Debug|Any CPU.ActiveCfg = Debug|Any CPU
		{43D62CD8-92DD-40FB-8C8D-C830313BA980}.Debug|Any CPU.Build.0 = Debug|Any CPU
		{43D62CD8-92DD-40FB-8C8D-C830313BA980}.Release|Any CPU.ActiveCfg = Release|Any CPU
		{43D62CD8-92DD-40FB-8C8D-C830313BA980}.Release|Any CPU.Build.0 = Release|Any CPU
		{6C8F4BDC-2F97-495F-8EFC-D88AE16CA780}.Debug|Any CPU.ActiveCfg = Debug|Any CPU
		{6C8F4BDC-2F97-495F-8EFC-D88AE16CA780}.Debug|Any CPU.Build.0 = Debug|Any CPU
		{6C8F4BDC-2F97-495F-8EFC-D88AE16CA780}.Release|Any CPU.ActiveCfg = Release|Any CPU
		{6C8F4BDC-2F97-495F-8EFC-D88AE16CA780}.Release|Any CPU.Build.0 = Release|Any CPU
		{AABDE948-720C-4848-AA35-004DCA378D33}.Debug|Any CPU.ActiveCfg = Debug|Any CPU
		{AABDE948-720C-4848-AA35-004DCA378D33}.Debug|Any CPU.Build.0 = Debug|Any CPU
		{AABDE948-720C-4848-AA35-004DCA378D33}.Release|Any CPU.ActiveCfg = Release|Any CPU
		{AABDE948-720C-4848-AA35-004DCA378D33}.Release|Any CPU.Build.0 = Release|Any CPU
		{15DB2674-364C-46BE-9BC3-693BC4EC7A84}.Debug|Any CPU.ActiveCfg = Debug|Any CPU
		{15DB2674-364C-46BE-9BC3-693BC4EC7A84}.Debug|Any CPU.Build.0 = Debug|Any CPU
		{15DB2674-364C-46BE-9BC3-693BC4EC7A84}.Release|Any CPU.ActiveCfg = Release|Any CPU
		{15DB2674-364C-46BE-9BC3-693BC4EC7A84}.Release|Any CPU.Build.0 = Release|Any CPU
		{24642ACC-0971-4822-B7F8-EC1B297547DE}.Debug|Any CPU.ActiveCfg = Debug|Any CPU
		{24642ACC-0971-4822-B7F8-EC1B297547DE}.Debug|Any CPU.Build.0 = Debug|Any CPU
		{24642ACC-0971-4822-B7F8-EC1B297547DE}.Release|Any CPU.ActiveCfg = Release|Any CPU
		{24642ACC-0971-4822-B7F8-EC1B297547DE}.Release|Any CPU.Build.0 = Release|Any CPU
		{DCEF8DFE-2E51-4A95-B150-6F281764ABFD}.Debug|Any CPU.ActiveCfg = Debug|Any CPU
		{DCEF8DFE-2E51-4A95-B150-6F281764ABFD}.Debug|Any CPU.Build.0 = Debug|Any CPU
		{DCEF8DFE-2E51-4A95-B150-6F281764ABFD}.Release|Any CPU.ActiveCfg = Release|Any CPU
		{DCEF8DFE-2E51-4A95-B150-6F281764ABFD}.Release|Any CPU.Build.0 = Release|Any CPU
	EndGlobalSection
	GlobalSection(NestedProjects) = preSolution
		{52C26CA5-1CB8-4780-81A0-BBF994B2F122} = {B8C69089-7C62-4B06-9254-F7201A6A6E1B}
		{8A01D324-D6E8-4817-9B87-AB961C5062D4} = {B8C69089-7C62-4B06-9254-F7201A6A6E1B}
		{E603B8B6-C83E-4F59-A90E-C2A106C1C2F9} = {B8C69089-7C62-4B06-9254-F7201A6A6E1B}
		{CFB168BA-854B-4C7F-91DB-29AEEFEEE4BA} = {B8C69089-7C62-4B06-9254-F7201A6A6E1B}
		{43D62CD8-92DD-40FB-8C8D-C830313BA980} = {5DD5F6B1-7D1A-4454-9247-984680538066}
		{6C8F4BDC-2F97-495F-8EFC-D88AE16CA780} = {5DD5F6B1-7D1A-4454-9247-984680538066}
		{AABDE948-720C-4848-AA35-004DCA378D33} = {5DD5F6B1-7D1A-4454-9247-984680538066}
		{15DB2674-364C-46BE-9BC3-693BC4EC7A84} = {5DD5F6B1-7D1A-4454-9247-984680538066}
		{DCEF8DFE-2E51-4A95-B150-6F281764ABFD} = {12AF804C-BE65-448F-A0B3-5C00C069E274}
	EndGlobalSection
EndGlobal
